PODS:
  - AppCenter (2.5.1):
    - AppCenter/Analytics (= 2.5.1)
    - AppCenter/Crashes (= 2.5.1)
  - AppCenter/Analytics (2.5.1):
    - AppCenter/Core
  - AppCenter/Core (2.5.1)
  - AppCenter/Crashes (2.5.1):
    - AppCenter/Core
  - DCOAboutWindow (0.3.1):
    - DCOTransparentScroller
  - DCOTransparentScroller (0.0.2)
  - Keys (1.0.1)
  - PXSourceList (2.0.7)
  - Sparkle (1.22.0)

DEPENDENCIES:
  - AppCenter
  - DCOAboutWindow (~> 0.3.1)
  - Keys (from `Pods/CocoaPodsKeys`)
  - PXSourceList (~> 2.0.7)
  - Sparkle (~> 1.22.0)

SPEC REPOS:
  trunk:
    - AppCenter
    - DCOAboutWindow
    - DCOTransparentScroller
    - PXSourceList
    - Sparkle

EXTERNAL SOURCES:
  Keys:
    :path: Pods/CocoaPodsKeys

SPEC CHECKSUMS:
  AppCenter: fddcbac6e4baae3d93a196ceb0bfe0e4ce407dec
  DCOAboutWindow: b4a293903fd70a0c962b9bced1264d45e19ade78
  DCOTransparentScroller: 1ff1c24a51536d2bed21b8c73cf020205d02297f
  Keys: a576f4c9c1c641ca913a959a9c62ed3f215a8de9
  PXSourceList: 8e37978a5db6c8d8d255f8913603bcea322c6445
  Sparkle: 593ac2e677c07bcb6c3b22d621240e7cbedaab57

PODFILE CHECKSUM: 11ae88560c0abfa05f988204f6b4812a6ef88459

COCOAPODS: 1.10.1
